Microsoft Visual Studio Solution File, Format Version 12.00
# Visual Studio Version 17
VisualStudioVersion = 17.5.2.0
MinimumVisualStudioVersion = 10.0.40219.1
Project("{FAE04EC0-301F-11D3-BF4B-00C04F79EFBC}") = "ADFlowManager.Core", "ADFlowManager.Core\ADFlowManager.Core.csproj", "{C66ED881-7E9F-F41F-6AE6-D075F911EC5A}"
EndProject
Project("{FAE04EC0-301F-11D3-BF4B-00C04F79EFBC}") = "ADFlowManager.Infrastructure", "ADFlowManager.Infrastructure\ADFlowManager.Infrastructure.csproj", "{DB4F540E-C6C3-74E9-4D3F-FA815492A5A5}"
EndProject
Project("{FAE04EC0-301F-11D3-BF4B-00C04F79EFBC}") = "ADFlowManager.Tests", "ADFlowManager.Tests\ADFlowManager.Tests.csproj", "{D4519C6B-64C2-33F1-486E-482E10139DF1}"
EndProject
Project("{FAE04EC0-301F-11D3-BF4B-00C04F79EFBC}") = "ADFlowManager.UI", "ADFlowManager.UI\ADFlowManager.UI.csproj", "{242D3C88-480E-95EC-1398-05D742DFCCD7}"
EndProject
Global
	GlobalSection(SolutionConfigurationPlatforms) = preSolution
		Debug|Any CPU = Debug|Any CPU
		Release|Any CPU = Release|Any CPU
	EndGlobalSection
	GlobalSection(ProjectConfigurationPlatforms) = postSolution
		{C66ED881-7E9F-F41F-6AE6-D075F911EC5A}.Debug|Any CPU.ActiveCfg = Debug|Any CPU
		{C66ED881-7E9F-F41F-6AE6-D075F911EC5A}.Debug|Any CPU.Build.0 = Debug|Any CPU
		{C66ED881-7E9F-F41F-6AE6-D075F911EC5A}.Release|Any CPU.ActiveCfg = Release|Any CPU
		{C66ED881-7E9F-F41F-6AE6-D075F911EC5A}.Release|Any CPU.Build.0 = Release|Any CPU
		{DB4F540E-C6C3-74E9-4D3F-FA815492A5A5}.Debug|Any CPU.ActiveCfg = Debug|Any CPU
		{DB4F540E-C6C3-74E9-4D3F-FA815492A5A5}.Debug|Any CPU.Build.0 = Debug|Any CPU
		{DB4F540E-C6C3-74E9-4D3F-FA815492A5A5}.Release|Any CPU.ActiveCfg = Release|Any CPU
		{DB4F540E-C6C3-74E9-4D3F-FA815492A5A5}.Release|Any CPU.Build.0 = Release|Any CPU
		{D4519C6B-64C2-33F1-486E-482E10139DF1}.Debug|Any CPU.ActiveCfg = Debug|Any CPU
		{D4519C6B-64C2-33F1-486E-482E10139DF1}.Debug|Any CPU.Build.0 = Debug|Any CPU
		{D4519C6B-64C2-33F1-486E-482E10139DF1}.Release|Any CPU.ActiveCfg = Release|Any CPU
		{D4519C6B-64C2-33F1-486E-482E10139DF1}.Release|Any CPU.Build.0 = Release|Any CPU
		{242D3C88-480E-95EC-1398-05D742DFCCD7}.Debug|Any CPU.ActiveCfg = Debug|Any CPU
		{242D3C88-480E-95EC-1398-05D742DFCCD7}.Debug|Any CPU.Build.0 = Debug|Any CPU
		{242D3C88-480E-95EC-1398-05D742DFCCD7}.Release|Any CPU.ActiveCfg = Release|Any CPU
		{242D3C88-480E-95EC-1398-05D742DFCCD7}.Release|Any CPU.Build.0 = Release|Any CPU
	EndGlobalSection
	GlobalSection(SolutionProperties) = preSolution
		HideSolutionNode = FALSE
	EndGlobalSection
	GlobalSection(ExtensibilityGlobals) = postSolution
		SolutionGuid = {DD79CC94-5E79-4B00-A08C-3A9B4DDB306B}
	EndGlobalSection
EndGlobal
